
Microsoft Visual Studio Solution File, Format Version 12.00
# Visual Studio Version 17
VisualStudioVersion = 17.5.33516.290
MinimumVisualStudioVersion = 10.0.40219.1
Project("{FAE04EC0-301F-11D3-BF4B-00C04F79EFBC}") = "Audio.MAUI", "Audio.MAUI\Audio.MAUI.csproj", "{679C3D22-094A-4E9F-BA8D-857945D6EB73}"
EndProject
Project("{FAE04EC0-301F-11D3-BF4B-00C04F79EFBC}") = "Audio.MAUI.Test", "Audio.MAUI.Test\Audio.MAUI.Test.csproj", "{1395E3C9-5E63-4E25-8CB7-57CCD1A8C8B1}"
EndProject
Global
	GlobalSection(SolutionConfigurationPlatforms) = preSolution
		Debug|Any CPU = Debug|Any CPU
		Release|Any CPU = Release|Any CPU
	EndGlobalSection
	GlobalSection(ProjectConfigurationPlatforms) = postSolution
		{679C3D22-094A-4E9F-BA8D-857945D6EB73}.Debug|Any CPU.ActiveCfg = Debug|Any CPU
		{679C3D22-094A-4E9F-BA8D-857945D6EB73}.Debug|Any CPU.Build.0 = Debug|Any CPU
		{679C3D22-094A-4E9F-BA8D-857945D6EB73}.Release|Any CPU.ActiveCfg = Release|Any CPU
		{679C3D22-094A-4E9F-BA8D-857945D6EB73}.Release|Any CPU.Build.0 = Release|Any CPU
		{1395E3C9-5E63-4E25-8CB7-57CCD1A8C8B1}.Debug|Any CPU.ActiveCfg = Debug|Any CPU
		{1395E3C9-5E63-4E25-8CB7-57CCD1A8C8B1}.Debug|Any CPU.Build.0 = Debug|Any CPU
		{1395E3C9-5E63-4E25-8CB7-57CCD1A8C8B1}.Debug|Any CPU.Deploy.0 = Debug|Any CPU
		{1395E3C9-5E63-4E25-8CB7-57CCD1A8C8B1}.Release|Any CPU.ActiveCfg = Release|Any CPU
		{1395E3C9-5E63-4E25-8CB7-57CCD1A8C8B1}.Release|Any CPU.Build.0 = Release|Any CPU
		{1395E3C9-5E63-4E25-8CB7-57CCD1A8C8B1}.Release|Any CPU.Deploy.0 = Release|Any CPU
	EndGlobalSection
	GlobalSection(SolutionProperties) = preSolution
		HideSolutionNode = FALSE
	EndGlobalSection
	GlobalSection(ExtensibilityGlobals) = postSolution
		SolutionGuid = {8D8019C9-B905-4AE0-88B4-6870A07679A5}
	EndGlobalSection
EndGlobal
